
Microsoft Visual Studio Solution File, Format Version 12.00
# Visual Studio 15
VisualStudioVersion = 15.0.28010.2036
MinimumVisualStudioVersion = 10.0.40219.1
Project("{FAE04EC0-301F-11D3-BF4B-00C04F79EFBC}") = "Form_Class", "Form_Class.csproj", "{0357C94C-C182-419A-8CC7-A2FA5BD1DDF4}"
EndProject
Global
	GlobalSection(SolutionConfigurationPlatforms) = preSolution
		Debug|Any CPU = Debug|Any CPU
		Release|Any CPU = Release|Any CPU
	EndGlobalSection
	GlobalSection(ProjectConfigurationPlatforms) = postSolution
		{0357C94C-C182-419A-8CC7-A2FA5BD1DDF4}.Debug|Any CPU.ActiveCfg = Debug|Any CPU
		{0357C94C-C182-419A-8CC7-A2FA5BD1DDF4}.Debug|Any CPU.Build.0 = Debug|Any CPU
		{0357C94C-C182-419A-8CC7-A2FA5BD1DDF4}.Release|Any CPU.ActiveCfg = Release|Any CPU
		{0357C94C-C182-419A-8CC7-A2FA5BD1DDF4}.Release|Any CPU.Build.0 = Release|Any CPU
	EndGlobalSection
	GlobalSection(SolutionProperties) = preSolution
		HideSolutionNode = FALSE
	EndGlobalSection
	GlobalSection(ExtensibilityGlobals) = postSolution
		SolutionGuid = {3C88BC05-A14D-40BC-B960-55A0E3C96488}
	EndGlobalSection
EndGlobal
